
Microsoft Visual Studio Solution File, Format Version 12.00
# Visual Studio Version 17
VisualStudioVersion = 17.2.32616.157
MinimumVisualStudioVersion = 10.0.40219.1
Project("{FAE04EC0-301F-11D3-BF4B-00C04F79EFBC}") = "FundRaiser", "FundRaiser\FundRaiser.csproj", "{F13A3000-896D-4596-B042-BDF0707A3B6A}"
EndProject
Global
	GlobalSection(SolutionConfigurationPlatforms) = preSolution
		Debug|Any CPU = Debug|Any CPU
		Release|Any CPU = Release|Any CPU
	EndGlobalSection
	GlobalSection(ProjectConfigurationPlatforms) = postSolution
		{F13A3000-896D-4596-B042-BDF0707A3B6A}.Debug|Any CPU.ActiveCfg = Debug|Any CPU
		{F13A3000-896D-4596-B042-BDF0707A3B6A}.Debug|Any CPU.Build.0 = Debug|Any CPU
		{F13A3000-896D-4596-B042-BDF0707A3B6A}.Release|Any CPU.ActiveCfg = Release|Any CPU
		{F13A3000-896D-4596-B042-BDF0707A3B6A}.Release|Any CPU.Build.0 = Release|Any CPU
	EndGlobalSection
	GlobalSection(SolutionProperties) = preSolution
		HideSolutionNode = FALSE
	EndGlobalSection
	GlobalSection(ExtensibilityGlobals) = postSolution
		SolutionGuid = {D758B613-3AD1-495A-92F5-E366B16D1F1E}
	EndGlobalSection
EndGlobal
